
Microsoft Visual Studio Solution File, Format Version 12.00
# Visual Studio Version 16
VisualStudioVersion = 16.0.31702.278
MinimumVisualStudioVersion = 10.0.40219.1
Project("{9A19103F-16F7-4668-BE54-9A1E7A4F7556}") = "PlaneBooking", "PlaneBooking\PlaneBooking.csproj", "{DA0C1D9F-4B6B-4ABC-B7B6-BA4312753802}"
EndProject
Global
	GlobalSection(SolutionConfigurationPlatforms) = preSolution
		Debug|Any CPU = Debug|Any CPU
		Release|Any CPU = Release|Any CPU
	EndGlobalSection
	GlobalSection(ProjectConfigurationPlatforms) = postSolution
		{DA0C1D9F-4B6B-4ABC-B7B6-BA4312753802}.Debug|Any CPU.ActiveCfg = Debug|Any CPU
		{DA0C1D9F-4B6B-4ABC-B7B6-BA4312753802}.Debug|Any CPU.Build.0 = Debug|Any CPU
		{DA0C1D9F-4B6B-4ABC-B7B6-BA4312753802}.Release|Any CPU.ActiveCfg = Release|Any CPU
		{DA0C1D9F-4B6B-4ABC-B7B6-BA4312753802}.Release|Any CPU.Build.0 = Release|Any CPU
	EndGlobalSection
	GlobalSection(SolutionProperties) = preSolution
		HideSolutionNode = FALSE
	EndGlobalSection
	GlobalSection(ExtensibilityGlobals) = postSolution
		SolutionGuid = {3C0928B5-2E54-4F39-8B57-8C59547E29B3}
	EndGlobalSection
EndGlobal
